
Microsoft Visual Studio Solution File, Format Version 12.00
# Visual Studio Version 16
VisualStudioVersion = 16.0.30114.105
MinimumVisualStudioVersion = 10.0.40219.1
Project("{FAE04EC0-301F-11D3-BF4B-00C04F79EFBC}") = "Palindrome", "Palindrome\Palindrome.csproj", "{DC9EFEA9-0148-47BD-85F0-F4735A3F2ED4}"
EndProject
Project("{FAE04EC0-301F-11D3-BF4B-00C04F79EFBC}") = "MultipleStuff", "MultipleStuff\MultipleStuff.csproj", "{7974EEC3-9920-45A3-A0BB-FE16D53CFEA5}"
EndProject
Global
	GlobalSection(SolutionConfigurationPlatforms) = preSolution
		Debug|Any CPU = Debug|Any CPU
		Release|Any CPU = Release|Any CPU
	EndGlobalSection
	GlobalSection(SolutionProperties) = preSolution
		HideSolutionNode = FALSE
	EndGlobalSection
	GlobalSection(ProjectConfigurationPlatforms) = postSolution
		{870F94CA-8370-42F3-A803-6C385250BD7A}.Debug|Any CPU.ActiveCfg = Debug|Any CPU
		{870F94CA-8370-42F3-A803-6C385250BD7A}.Debug|Any CPU.Build.0 = Debug|Any CPU
		{870F94CA-8370-42F3-A803-6C385250BD7A}.Release|Any CPU.ActiveCfg = Release|Any CPU
		{870F94CA-8370-42F3-A803-6C385250BD7A}.Release|Any CPU.Build.0 = Release|Any CPU
		{DC9EFEA9-0148-47BD-85F0-F4735A3F2ED4}.Debug|Any CPU.ActiveCfg = Debug|Any CPU
		{DC9EFEA9-0148-47BD-85F0-F4735A3F2ED4}.Debug|Any CPU.Build.0 = Debug|Any CPU
		{DC9EFEA9-0148-47BD-85F0-F4735A3F2ED4}.Release|Any CPU.ActiveCfg = Release|Any CPU
		{DC9EFEA9-0148-47BD-85F0-F4735A3F2ED4}.Release|Any CPU.Build.0 = Release|Any CPU
		{7974EEC3-9920-45A3-A0BB-FE16D53CFEA5}.Debug|Any CPU.ActiveCfg = Debug|Any CPU
		{7974EEC3-9920-45A3-A0BB-FE16D53CFEA5}.Debug|Any CPU.Build.0 = Debug|Any CPU
		{7974EEC3-9920-45A3-A0BB-FE16D53CFEA5}.Release|Any CPU.ActiveCfg = Release|Any CPU
		{7974EEC3-9920-45A3-A0BB-FE16D53CFEA5}.Release|Any CPU.Build.0 = Release|Any CPU
	EndGlobalSection
EndGlobal
